
Microsoft Visual Studio Solution File, Format Version 12.00
# Visual Studio Version 16
VisualStudioVersion = 16.0.31402.337
MinimumVisualStudioVersion = 10.0.40219.1
Project("{9A19103F-16F7-4668-BE54-9A1E7A4F7556}") = "P0Main", "P0Main.csproj", "{A337C4C2-2769-4F66-AF62-8FA0933E7912}"
	ProjectSection(ProjectDependencies) = postProject
		{3A025DBA-FBC2-4601-AD00-06159A1CA2DF} = {3A025DBA-FBC2-4601-AD00-06159A1CA2DF}
	EndProjectSection
EndProject
Project("{9A19103F-16F7-4668-BE54-9A1E7A4F7556}") = "P0DbContext", "..\P0DbContext\P0DbContext.csproj", "{3A025DBA-FBC2-4601-AD00-06159A1CA2DF}"
EndProject
Project("{9A19103F-16F7-4668-BE54-9A1E7A4F7556}") = "CurrentUser", "..\CurrentUser\CurrentUser.csproj", "{9541547C-9F28-475A-AC68-81F75E9FE863}"
EndProject
Project("{FAE04EC0-301F-11D3-BF4B-00C04F79EFBC}") = "P0Tests", "..\P0Tests\P0Tests.csproj", "{5E87BABC-3072-4CE7-9DD1-892E0F159E49}"
EndProject
Global
	GlobalSection(SolutionConfigurationPlatforms) = preSolution
		Debug|Any CPU = Debug|Any CPU
		Release|Any CPU = Release|Any CPU
	EndGlobalSection
	GlobalSection(ProjectConfigurationPlatforms) = postSolution
		{A337C4C2-2769-4F66-AF62-8FA0933E7912}.Debug|Any CPU.ActiveCfg = Debug|Any CPU
		{A337C4C2-2769-4F66-AF62-8FA0933E7912}.Debug|Any CPU.Build.0 = Debug|Any CPU
		{A337C4C2-2769-4F66-AF62-8FA0933E7912}.Release|Any CPU.ActiveCfg = Release|Any CPU
		{A337C4C2-2769-4F66-AF62-8FA0933E7912}.Release|Any CPU.Build.0 = Release|Any CPU
		{3A025DBA-FBC2-4601-AD00-06159A1CA2DF}.Debug|Any CPU.ActiveCfg = Debug|Any CPU
		{3A025DBA-FBC2-4601-AD00-06159A1CA2DF}.Debug|Any CPU.Build.0 = Debug|Any CPU
		{3A025DBA-FBC2-4601-AD00-06159A1CA2DF}.Release|Any CPU.ActiveCfg = Release|Any CPU
		{3A025DBA-FBC2-4601-AD00-06159A1CA2DF}.Release|Any CPU.Build.0 = Release|Any CPU
		{9541547C-9F28-475A-AC68-81F75E9FE863}.Debug|Any CPU.ActiveCfg = Debug|Any CPU
		{9541547C-9F28-475A-AC68-81F75E9FE863}.Debug|Any CPU.Build.0 = Debug|Any CPU
		{9541547C-9F28-475A-AC68-81F75E9FE863}.Release|Any CPU.ActiveCfg = Release|Any CPU
		{9541547C-9F28-475A-AC68-81F75E9FE863}.Release|Any CPU.Build.0 = Release|Any CPU
		{5E87BABC-3072-4CE7-9DD1-892E0F159E49}.Debug|Any CPU.ActiveCfg = Debug|Any CPU
		{5E87BABC-3072-4CE7-9DD1-892E0F159E49}.Debug|Any CPU.Build.0 = Debug|Any CPU
		{5E87BABC-3072-4CE7-9DD1-892E0F159E49}.Release|Any CPU.ActiveCfg = Release|Any CPU
		{5E87BABC-3072-4CE7-9DD1-892E0F159E49}.Release|Any CPU.Build.0 = Release|Any CPU
	EndGlobalSection
	GlobalSection(SolutionProperties) = preSolution
		HideSolutionNode = FALSE
	EndGlobalSection
	GlobalSection(ExtensibilityGlobals) = postSolution
		SolutionGuid = {7D4E4567-06F1-47FE-B0E1-0B025323EFEE}
	EndGlobalSection
EndGlobal
